
Microsoft Visual Studio Solution File, Format Version 12.00
# Visual Studio 15
Project("{FAE04EC0-301F-11D3-BF4B-00C04F79EFBC}") = "Lab_6", "Lab_6.csproj", "{0DFCE0F9-985D-46A4-9C50-E22CC2F7C308}"
EndProject
Global
	GlobalSection(SolutionConfigurationPlatforms) = preSolution
		Debug|anycpu = Debug|anycpu
		Release|anycpu = Release|anycpu
	EndGlobalSection
	GlobalSection(ProjectConfigurationPlatforms) = postSolution
		{0DFCE0F9-985D-46A4-9C50-E22CC2F7C308}.Debug|anycpu.ActiveCfg = Debug|anycpu
		{0DFCE0F9-985D-46A4-9C50-E22CC2F7C308}.Debug|anycpu.Build.0 = Debug|anycpu
		{0DFCE0F9-985D-46A4-9C50-E22CC2F7C308}.Release|anycpu.ActiveCfg = Release|anycpu
		{0DFCE0F9-985D-46A4-9C50-E22CC2F7C308}.Release|anycpu.Build.0 = Release|anycpu
	EndGlobalSection
EndGlobal
